
Microsoft Visual Studio Solution File, Format Version 11.00
# Visual Studio 2010
Project("{2150E333-8FDC-42A3-9474-1A3956D46DE8}") = ".nuget", ".nuget", "{8BB7EA10-6E65-49E8-82CF-6FF61E5135DB}"
	ProjectSection(SolutionItems) = preProject
		.nuget\NuGet.exe = .nuget\NuGet.exe
		.nuget\NuGet.targets = .nuget\NuGet.targets
	EndProjectSection
EndProject
Project("{FAE04EC0-301F-11D3-BF4B-00C04F79EFBC}") = "CampReview.Core", "CampReview.Core\CampReview.Core.csproj", "{A8BE50FC-FF4E-4217-BCFB-C62DD3049EA4}"
EndProject
Project("{FAE04EC0-301F-11D3-BF4B-00C04F79EFBC}") = "CampReview.Core.Test", "CampReview.Core.Test\CampReview.Core.Test.csproj", "{4ABB4F7D-2981-45FD-A586-C2D3E9BFED95}"
EndProject
Project("{2150E333-8FDC-42A3-9474-1A3956D46DE8}") = "Tests", "Tests", "{AE0F0BEE-BEEF-48FC-AD0B-31C58E13DC6A}"
EndProject
Project("{FAE04EC0-301F-11D3-BF4B-00C04F79EFBC}") = "CampReview.Api", "CampReview.Api\CampReview.Api.csproj", "{C235859D-1091-4E61-8710-040A24B26DFB}"
EndProject
Project("{FAE04EC0-301F-11D3-BF4B-00C04F79EFBC}") = "CampReview.Api.Test", "CampReview.Api.Test\CampReview.Api.Test.csproj", "{CD3F5D1F-5AC7-474A-9CF3-73B3C09B41D6}"
EndProject
Project("{FAE04EC0-301F-11D3-BF4B-00C04F79EFBC}") = "CampReview.Data", "CampReview.Data\CampReview.Data.csproj", "{A13A8D70-8856-4E39-A5CC-2F6CF6C568F6}"
EndProject
Project("{FAE04EC0-301F-11D3-BF4B-00C04F79EFBC}") = "CampReview.Data.Test", "CampReview.Data.Test\CampReview.Data.Test.csproj", "{028311E9-5D9A-44E1-AFA5-BDD8B0C206D1}"
EndProject
Global
	GlobalSection(SolutionConfigurationPlatforms) = preSolution
		Debug|Any CPU = Debug|Any CPU
		Release|Any CPU = Release|Any CPU
	EndGlobalSection
	GlobalSection(ProjectConfigurationPlatforms) = postSolution
		{A8BE50FC-FF4E-4217-BCFB-C62DD3049EA4}.Debug|Any CPU.ActiveCfg = Debug|Any CPU
		{A8BE50FC-FF4E-4217-BCFB-C62DD3049EA4}.Debug|Any CPU.Build.0 = Debug|Any CPU
		{A8BE50FC-FF4E-4217-BCFB-C62DD3049EA4}.Release|Any CPU.ActiveCfg = Release|Any CPU
		{A8BE50FC-FF4E-4217-BCFB-C62DD3049EA4}.Release|Any CPU.Build.0 = Release|Any CPU
		{4ABB4F7D-2981-45FD-A586-C2D3E9BFED95}.Debug|Any CPU.ActiveCfg = Debug|Any CPU
		{4ABB4F7D-2981-45FD-A586-C2D3E9BFED95}.Debug|Any CPU.Build.0 = Debug|Any CPU
		{4ABB4F7D-2981-45FD-A586-C2D3E9BFED95}.Release|Any CPU.ActiveCfg = Release|Any CPU
		{4ABB4F7D-2981-45FD-A586-C2D3E9BFED95}.Release|Any CPU.Build.0 = Release|Any CPU
		{C235859D-1091-4E61-8710-040A24B26DFB}.Debug|Any CPU.ActiveCfg = Debug|Any CPU
		{C235859D-1091-4E61-8710-040A24B26DFB}.Debug|Any CPU.Build.0 = Debug|Any CPU
		{C235859D-1091-4E61-8710-040A24B26DFB}.Release|Any CPU.ActiveCfg = Release|Any CPU
		{C235859D-1091-4E61-8710-040A24B26DFB}.Release|Any CPU.Build.0 = Release|Any CPU
		{CD3F5D1F-5AC7-474A-9CF3-73B3C09B41D6}.Debug|Any CPU.ActiveCfg = Debug|Any CPU
		{CD3F5D1F-5AC7-474A-9CF3-73B3C09B41D6}.Debug|Any CPU.Build.0 = Debug|Any CPU
		{CD3F5D1F-5AC7-474A-9CF3-73B3C09B41D6}.Release|Any CPU.ActiveCfg = Release|Any CPU
		{CD3F5D1F-5AC7-474A-9CF3-73B3C09B41D6}.Release|Any CPU.Build.0 = Release|Any CPU
		{A13A8D70-8856-4E39-A5CC-2F6CF6C568F6}.Debug|Any CPU.ActiveCfg = Debug|Any CPU
		{A13A8D70-8856-4E39-A5CC-2F6CF6C568F6}.Debug|Any CPU.Build.0 = Debug|Any CPU
		{A13A8D70-8856-4E39-A5CC-2F6CF6C568F6}.Release|Any CPU.ActiveCfg = Release|Any CPU
		{A13A8D70-8856-4E39-A5CC-2F6CF6C568F6}.Release|Any CPU.Build.0 = Release|Any CPU
		{028311E9-5D9A-44E1-AFA5-BDD8B0C206D1}.Debug|Any CPU.ActiveCfg = Debug|Any CPU
		{028311E9-5D9A-44E1-AFA5-BDD8B0C206D1}.Debug|Any CPU.Build.0 = Debug|Any CPU
		{028311E9-5D9A-44E1-AFA5-BDD8B0C206D1}.Release|Any CPU.ActiveCfg = Release|Any CPU
		{028311E9-5D9A-44E1-AFA5-BDD8B0C206D1}.Release|Any CPU.Build.0 = Release|Any CPU
	EndGlobalSection
	GlobalSection(SolutionProperties) = preSolution
		HideSolutionNode = FALSE
	EndGlobalSection
	GlobalSection(NestedProjects) = preSolution
		{4ABB4F7D-2981-45FD-A586-C2D3E9BFED95} = {AE0F0BEE-BEEF-48FC-AD0B-31C58E13DC6A}
		{CD3F5D1F-5AC7-474A-9CF3-73B3C09B41D6} = {AE0F0BEE-BEEF-48FC-AD0B-31C58E13DC6A}
		{028311E9-5D9A-44E1-AFA5-BDD8B0C206D1} = {AE0F0BEE-BEEF-48FC-AD0B-31C58E13DC6A}
	EndGlobalSection
EndGlobal
